// !$*UTF8*$!
{
	archiveVersion = 1;
	classes = {
	};
	objectVersion = 55;
	objects = {

/* Begin PBXBuildFile section */
		5B1A21A12847FBDB007E64D7 /* Alert.swift in Sources */ = {isa = PBXBuildFile; fileRef = 5B1A21A02847FBDB007E64D7 /* Alert.swift */; };
		5B615C9E284D0C360068046C /* QuickSearch.swift in Sources */ = {isa = PBXBuildFile; fileRef = 5B615C9D284D0C360068046C /* QuickSearch.swift */; };
		5B615CA0284D148C0068046C /* SelectionItem.swift in Sources */ = {isa = PBXBuildFile; fileRef = 5B615C9F284D148C0068046C /* SelectionItem.swift */; };
		5B75E1DC2825143500AAEF15 /* TelikApp.swift in Sources */ = {isa = PBXBuildFile; fileRef = 5B75E1DB2825143500AAEF15 /* TelikApp.swift */; };
		5B75E1DE2825143500AAEF15 /* ContentView.swift in Sources */ = {isa = PBXBuildFile; fileRef = 5B75E1DD2825143500AAEF15 /* ContentView.swift */; };
		5B75E1E02825143600AAEF15 /* Assets.xcassets in Resources */ = {isa = PBXBuildFile; fileRef = 5B75E1DF2825143600AAEF15 /* Assets.xcassets */; };
		5B75E1E32825143600AAEF15 /* Preview Assets.xcassets in Resources */ = {isa = PBXBuildFile; fileRef = 5B75E1E22825143600AAEF15 /* Preview Assets.xcassets */; };
		5B85C101284CD95B00EC249B /* URLScheme.swift in Sources */ = {isa = PBXBuildFile; fileRef = 5B85C100284CD95B00EC249B /* URLScheme.swift */; };
		5BA0779928416F8500540E92 /* AppError.swift in Sources */ = {isa = PBXBuildFile; fileRef = 5BA0779828416F8500540E92 /* AppError.swift */; };
		5BD55D1528424D4200F64D21 /* Credits.rtf in Resources */ = {isa = PBXBuildFile; fileRef = 5BD55D1428424D4200F64D21 /* Credits.rtf */; };
		5BE02AA028450D470023F71F /* TelikTests.swift in Sources */ = {isa = PBXBuildFile; fileRef = 5BE02A9F28450D470023F71F /* TelikTests.swift */; };
		5BE02AA7284535810023F71F /* TagView.swift in Sources */ = {isa = PBXBuildFile; fileRef = 5BE02AA6284535810023F71F /* TagView.swift */; };
		5BE966D4282514A900619837 /* CachedAsyncImage.swift in Sources */ = {isa = PBXBuildFile; fileRef = 5BE966D1282514A900619837 /* CachedAsyncImage.swift */; };
		5BE966D5282514A900619837 /* AddView.swift in Sources */ = {isa = PBXBuildFile; fileRef = 5BE966D2282514A900619837 /* AddView.swift */; };
		5BE966D8282514F100619837 /* SWXMLHash in Frameworks */ = {isa = PBXBuildFile; productRef = 5BE966D7282514F100619837 /* SWXMLHash */; };
		5BE966DA28251EAA00619837 /* Model.swift in Sources */ = {isa = PBXBuildFile; fileRef = 5BE966D928251EAA00619837 /* Model.swift */; };
		5BE966DC28251ED100619837 /* API.swift in Sources */ = {isa = PBXBuildFile; fileRef = 5BE966DB28251ED100619837 /* API.swift */; };
		5BE966DE28251F4000619837 /* VideosView.swift in Sources */ = {isa = PBXBuildFile; fileRef = 5BE966DD28251F4000619837 /* VideosView.swift */; };
		5BE966E028251F9600619837 /* String+Extensions.swift in Sources */ = {isa = PBXBuildFile; fileRef = 5BE966DF28251F9600619837 /* String+Extensions.swift */; };
		5BE966E228251FAC00619837 /* Date+Extensions.swift in Sources */ = {isa = PBXBuildFile; fileRef = 5BE966E128251FAC00619837 /* Date+Extensions.swift */; };
		5BF4CEAE283E6147006B7062 /* ExportView.swift in Sources */ = {isa = PBXBuildFile; fileRef = 5BF4CEAD283E6147006B7062 /* ExportView.swift */; };
		5BF4CEB0283E6665006B7062 /* SettingsView.swift in Sources */ = {isa = PBXBuildFile; fileRef = 5BF4CEAF283E6665006B7062 /* SettingsView.swift */; };
		5BF4CEB2283F7E07006B7062 /* Markdown.swift in Sources */ = {isa = PBXBuildFile; fileRef = 5BF4CEB1283F7E07006B7062 /* Markdown.swift */; };
/* End PBXBuildFile section */

/* Begin PBXContainerItemProxy section */
		5BE02AA128450D470023F71F /* PBXContainerItemProxy */ = {
			isa = PBXContainerItemProxy;
			containerPortal = 5B75E1D02825143500AAEF15 /* Project object */;
			proxyType = 1;
			remoteGlobalIDString = 5B75E1D72825143500AAEF15;
			remoteInfo = Telik;
		};
/* End PBXContainerItemProxy section */

/* Begin PBXFileReference section */
		5B1A21A02847FBDB007E64D7 /* Alert.swift */ = {isa = PBXFileReference; lastKnownFileType = sourcecode.swift; path = Alert.swift; sourceTree = "<group>"; };
		5B615C9D284D0C360068046C /* QuickSearch.swift */ = {isa = PBXFileReference; lastKnownFileType = sourcecode.swift; path = QuickSearch.swift; sourceTree = "<group>"; };
		5B615C9F284D148C0068046C /* SelectionItem.swift */ = {isa = PBXFileReference; lastKnownFileType = sourcecode.swift; path = SelectionItem.swift; sourceTree = "<group>"; };
		5B75E1D82825143500AAEF15 /* Telik.app */ = {isa = PBXFileReference; explicitFileType = wrapper.application; includeInIndex = 0; path = Telik.app; sourceTree = BUILT_PRODUCTS_DIR; };
		5B75E1DB2825143500AAEF15 /* TelikApp.swift */ = {isa = PBXFileReference; lastKnownFileType = sourcecode.swift; path = TelikApp.swift; sourceTree = "<group>"; };
		5B75E1DD2825143500AAEF15 /* ContentView.swift */ = {isa = PBXFileReference; lastKnownFileType = sourcecode.swift; path = ContentView.swift; sourceTree = "<group>"; };
		5B75E1DF2825143600AAEF15 /* Assets.xcassets */ = {isa = PBXFileReference; lastKnownFileType = folder.assetcatalog; path = Assets.xcassets; sourceTree = "<group>"; };
		5B75E1E22825143600AAEF15 /* Preview Assets.xcassets */ = {isa = PBXFileReference; lastKnownFileType = folder.assetcatalog; path = "Preview Assets.xcassets"; sourceTree = "<group>"; };
		5B75E1E42825143600AAEF15 /* Telik.entitlements */ = {isa = PBXFileReference; lastKnownFileType = text.plist.entitlements; path = Telik.entitlements; sourceTree = "<group>"; };
		5B764069284AB8E6009430A2 /* Info.plist */ = {isa = PBXFileReference; lastKnownFileType = text.plist; path = Info.plist; sourceTree = "<group>"; };
		5B85C100284CD95B00EC249B /* URLScheme.swift */ = {isa = PBXFileReference; lastKnownFileType = sourcecode.swift; path = URLScheme.swift; sourceTree = "<group>"; };
		5BA0779828416F8500540E92 /* AppError.swift */ = {isa = PBXFileReference; lastKnownFileType = sourcecode.swift; path = AppError.swift; sourceTree = "<group>"; };
		5BD55D1428424D4200F64D21 /* Credits.rtf */ = {isa = PBXFileReference; fileEncoding = 4; lastKnownFileType = text.rtf; path = Credits.rtf; sourceTree = "<group>"; };
		5BE02A9D28450D470023F71F /* TelikTests.xctest */ = {isa = PBXFileReference; explicitFileType = wrapper.cfbundle; includeInIndex = 0; path = TelikTests.xctest; sourceTree = BUILT_PRODUCTS_DIR; };
		5BE02A9F28450D470023F71F /* TelikTests.swift */ = {isa = PBXFileReference; lastKnownFileType = sourcecode.swift; path = TelikTests.swift; sourceTree = "<group>"; };
		5BE02AA6284535810023F71F /* TagView.swift */ = {isa = PBXFileReference; lastKnownFileType = sourcecode.swift; path = TagView.swift; sourceTree = "<group>"; };
		5BE966D1282514A900619837 /* CachedAsyncImage.swift */ = {isa = PBXFileReference; fileEncoding = 4; lastKnownFileType = sourcecode.swift; path = CachedAsyncImage.swift; sourceTree = "<group>"; };
		5BE966D2282514A900619837 /* AddView.swift */ = {isa = PBXFileReference; fileEncoding = 4; lastKnownFileType = sourcecode.swift; path = AddView.swift; sourceTree = "<group>"; };
		5BE966D928251EAA00619837 /* Model.swift */ = {isa = PBXFileReference; lastKnownFileType = sourcecode.swift; path = Model.swift; sourceTree = "<group>"; };
		5BE966DB28251ED100619837 /* API.swift */ = {isa = PBXFileReference; lastKnownFileType = sourcecode.swift; path = API.swift; sourceTree = "<group>"; };
		5BE966DD28251F4000619837 /* VideosView.swift */ = {isa = PBXFileReference; lastKnownFileType = sourcecode.swift; path = VideosView.swift; sourceTree = "<group>"; };
		5BE966DF28251F9600619837 /* String+Extensions.swift */ = {isa = PBXFileReference; lastKnownFileType = sourcecode.swift; path = "String+Extensions.swift"; sourceTree = "<group>"; };
		5BE966E128251FAC00619837 /* Date+Extensions.swift */ = {isa = PBXFileReference; lastKnownFileType = sourcecode.swift; path = "Date+Extensions.swift"; sourceTree = "<group>"; };
		5BF4CEAD283E6147006B7062 /* ExportView.swift */ = {isa = PBXFileReference; lastKnownFileType = sourcecode.swift; path = ExportView.swift; sourceTree = "<group>"; };
		5BF4CEAF283E6665006B7062 /* SettingsView.swift */ = {isa = PBXFileReference; lastKnownFileType = sourcecode.swift; path = SettingsView.swift; sourceTree = "<group>"; };
		5BF4CEB1283F7E07006B7062 /* Markdown.swift */ = {isa = PBXFileReference; lastKnownFileType = sourcecode.swift; path = Markdown.swift; sourceTree = "<group>"; };
/* End PBXFileReference section */

/* Begin PBXFrameworksBuildPhase section */
		5B75E1D52825143500AAEF15 /* Frameworks */ = {
			isa = PBXFrameworksBuildPhase;
			buildActionMask = 2147483647;
			files = (
				5BE966D8282514F100619837 /* SWXMLHash in Frameworks */,
			);
			runOnlyForDeploymentPostprocessing = 0;
		};
		5BE02A9A28450D470023F71F /* Frameworks */ = {
			isa = PBXFrameworksBuildPhase;
			buildActionMask = 2147483647;
			files = (
			);
			runOnlyForDeploymentPostprocessing = 0;
		};
/* End PBXFrameworksBuildPhase section */

/* Begin PBXGroup section */
		5B75E1CF2825143500AAEF15 = {
			isa = PBXGroup;
			children = (
				5B75E1DA2825143500AAEF15 /* Telik */,
				5BE02A9E28450D470023F71F /* TelikTests */,
				5B75E1D92825143500AAEF15 /* Products */,
			);
			sourceTree = "<group>";
		};
		5B75E1D92825143500AAEF15 /* Products */ = {
			isa = PBXGroup;
			children = (
				5B75E1D82825143500AAEF15 /* Telik.app */,
				5BE02A9D28450D470023F71F /* TelikTests.xctest */,
			);
			name = Products;
			sourceTree = "<group>";
		};
		5B75E1DA2825143500AAEF15 /* Telik */ = {
			isa = PBXGroup;
			children = (
				5B764069284AB8E6009430A2 /* Info.plist */,
				5BD55D1428424D4200F64D21 /* Credits.rtf */,
				5BE966D1282514A900619837 /* CachedAsyncImage.swift */,
				5BE966D2282514A900619837 /* AddView.swift */,
				5B615C9D284D0C360068046C /* QuickSearch.swift */,
				5B75E1DB2825143500AAEF15 /* TelikApp.swift */,
				5B75E1DD2825143500AAEF15 /* ContentView.swift */,
				5B75E1DF2825143600AAEF15 /* Assets.xcassets */,
				5B75E1E42825143600AAEF15 /* Telik.entitlements */,
				5B75E1E12825143600AAEF15 /* Preview Content */,
				5BE966D928251EAA00619837 /* Model.swift */,
				5BE966DB28251ED100619837 /* API.swift */,
				5BE966DD28251F4000619837 /* VideosView.swift */,
				5BE966DF28251F9600619837 /* String+Extensions.swift */,
				5BE966E128251FAC00619837 /* Date+Extensions.swift */,
				5BF4CEAD283E6147006B7062 /* ExportView.swift */,
				5BF4CEAF283E6665006B7062 /* SettingsView.swift */,
				5BF4CEB1283F7E07006B7062 /* Markdown.swift */,
				5BA0779828416F8500540E92 /* AppError.swift */,
				5BE02AA6284535810023F71F /* TagView.swift */,
				5B1A21A02847FBDB007E64D7 /* Alert.swift */,
				5B85C100284CD95B00EC249B /* URLScheme.swift */,
				5B615C9F284D148C0068046C /* SelectionItem.swift */,
			);
			path = Telik;
			sourceTree = "<group>";
		};
		5B75E1E12825143600AAEF15 /* Preview Content */ = {
			isa = PBXGroup;
			children = (
				5B75E1E22825143600AAEF15 /* Preview Assets.xcassets */,
			);
			path = "Preview Content";
			sourceTree = "<group>";
		};
		5BE02A9E28450D470023F71F /* TelikTests */ = {
			isa = PBXGroup;
			children = (
				5BE02A9F28450D470023F71F /* TelikTests.swift */,
			);
			path = TelikTests;
			sourceTree = "<group>";
		};
/* End PBXGroup section */

/* Begin PBXNativeTarget section */
		5B75E1D72825143500AAEF15 /* Telik */ = {
			isa = PBXNativeTarget;
			buildConfigurationList = 5B75E1E72825143600AAEF15 /* Build configuration list for PBXNativeTarget "Telik" */;
			buildPhases = (
				5B75E1D42825143500AAEF15 /* Sources */,
				5B75E1D52825143500AAEF15 /* Frameworks */,
				5B75E1D62825143500AAEF15 /* Resources */,
			);
			buildRules = (
			);
			dependencies = (
			);
			name = Telik;
			packageProductDependencies = (
				5BE966D7282514F100619837 /* SWXMLHash */,
			);
			productName = Telik;
			productReference = 5B75E1D82825143500AAEF15 /* Telik.app */;
			productType = "com.apple.product-type.application";
		};
		5BE02A9C28450D470023F71F /* TelikTests */ = {
			isa = PBXNativeTarget;
			buildConfigurationList = 5BE02AA528450D470023F71F /* Build configuration list for PBXNativeTarget "TelikTests" */;
			buildPhases = (
				5BE02A9928450D470023F71F /* Sources */,
				5BE02A9A28450D470023F71F /* Frameworks */,
				5BE02A9B28450D470023F71F /* Resources */,
			);
			buildRules = (
			);
			dependencies = (
				5BE02AA228450D470023F71F /* PBXTargetDependency */,
			);
			name = TelikTests;
			productName = TelikTests;
			productReference = 5BE02A9D28450D470023F71F /* TelikTests.xctest */;
			productType = "com.apple.product-type.bundle.unit-test";
		};
/* End PBXNativeTarget section */

/* Begin PBXProject section */
		5B75E1D02825143500AAEF15 /* Project object */ = {
			isa = PBXProject;
			attributes = {
				BuildIndependentTargetsInParallel = 1;
				LastSwiftUpdateCheck = 1330;
				LastUpgradeCheck = 1330;
				TargetAttributes = {
					5B75E1D72825143500AAEF15 = {
						CreatedOnToolsVersion = 13.3.1;
					};
					5BE02A9C28450D470023F71F = {
						CreatedOnToolsVersion = 13.3.1;
						TestTargetID = 5B75E1D72825143500AAEF15;
					};
				};
			};
			buildConfigurationList = 5B75E1D32825143500AAEF15 /* Build configuration list for PBXProject "Telik" */;
			compatibilityVersion = "Xcode 13.0";
			developmentRegion = en;
			hasScannedForEncodings = 0;
			knownRegions = (
				en,
				Base,
			);
			mainGroup = 5B75E1CF2825143500AAEF15;
			packageReferences = (
				5BE966D6282514F100619837 /* XCRemoteSwiftPackageReference "SWXMLHash" */,
			);
			productRefGroup = 5B75E1D92825143500AAEF15 /* Products */;
			projectDirPath = "";
			projectRoot = "";
			targets = (
				5B75E1D72825143500AAEF15 /* Telik */,
				5BE02A9C28450D470023F71F /* TelikTests */,
			);
		};
/* End PBXProject section */

/* Begin PBXResourcesBuildPhase section */
		5B75E1D62825143500AAEF15 /* Resources */ = {
			isa = PBXResourcesBuildPhase;
			buildActionMask = 2147483647;
			files = (
				5B75E1E32825143600AAEF15 /* Preview Assets.xcassets in Resources */,
				5BD55D1528424D4200F64D21 /* Credits.rtf in Resources */,
				5B75E1E02825143600AAEF15 /* Assets.xcassets in Resources */,
			);
			runOnlyForDeploymentPostprocessing = 0;
		};
		5BE02A9B28450D470023F71F /* Resources */ = {
			isa = PBXResourcesBuildPhase;
			buildActionMask = 2147483647;
			files = (
			);
			runOnlyForDeploymentPostprocessing = 0;
		};
/* End PBXResourcesBuildPhase section */

/* Begin PBXSourcesBuildPhase section */
		5B75E1D42825143500AAEF15 /* Sources */ = {
			isa = PBXSourcesBuildPhase;
			buildActionMask = 2147483647;
			files = (
				5BE966DE28251F4000619837 /* VideosView.swift in Sources */,
				5BE966DA28251EAA00619837 /* Model.swift in Sources */,
				5B85C101284CD95B00EC249B /* URLScheme.swift in Sources */,
				5BE966E228251FAC00619837 /* Date+Extensions.swift in Sources */,
				5B1A21A12847FBDB007E64D7 /* Alert.swift in Sources */,
				5B615C9E284D0C360068046C /* QuickSearch.swift in Sources */,
				5BE966D5282514A900619837 /* AddView.swift in Sources */,
				5BA0779928416F8500540E92 /* AppError.swift in Sources */,
				5BF4CEB2283F7E07006B7062 /* Markdown.swift in Sources */,
				5B75E1DE2825143500AAEF15 /* ContentView.swift in Sources */,
				5BE966E028251F9600619837 /* String+Extensions.swift in Sources */,
				5BE966D4282514A900619837 /* CachedAsyncImage.swift in Sources */,
				5BE966DC28251ED100619837 /* API.swift in Sources */,
				5BF4CEAE283E6147006B7062 /* ExportView.swift in Sources */,
				5BE02AA7284535810023F71F /* TagView.swift in Sources */,
				5B75E1DC2825143500AAEF15 /* TelikApp.swift in Sources */,
				5B615CA0284D148C0068046C /* SelectionItem.swift in Sources */,
				5BF4CEB0283E6665006B7062 /* SettingsView.swift in Sources */,
			);
			runOnlyForDeploymentPostprocessing = 0;
		};
		5BE02A9928450D470023F71F /* Sources */ = {
			isa = PBXSourcesBuildPhase;
			buildActionMask = 2147483647;
			files = (
				5BE02AA028450D470023F71F /* TelikTests.swift in Sources */,
			);
			runOnlyForDeploymentPostprocessing = 0;
		};
/* End PBXSourcesBuildPhase section */

/* Begin PBXTargetDependency section */
		5BE02AA228450D470023F71F /* PBXTargetDependency */ = {
			isa = PBXTargetDependency;
			target = 5B75E1D72825143500AAEF15 /* Telik */;
			targetProxy = 5BE02AA128450D470023F71F /* PBXContainerItemProxy */;
		};
/* End PBXTargetDependency section */

/* Begin XCBuildConfiguration section */
		5B75E1E52825143600AAEF15 /* Debug */ = {
			isa = XCBuildConfiguration;
			buildSettings = {
				ALWAYS_SEARCH_USER_PATHS = NO;
				CLANG_ANALYZER_NONNULL = YES;
				CLANG_ANALYZER_NUMBER_OBJECT_CONVERSION = YES_AGGRESSIVE;
				CLANG_CXX_LANGUAGE_STANDARD = "gnu++17";
				CLANG_ENABLE_MODULES = YES;
				CLANG_ENABLE_OBJC_ARC = YES;
				CLANG_ENABLE_OBJC_WEAK = YES;
				CLANG_WARN_BLOCK_CAPTURE_AUTORELEASING = YES;
				CLANG_WARN_BOOL_CONVERSION = YES;
				CLANG_WARN_COMMA = YES;
				CLANG_WARN_CONSTANT_CONVERSION = YES;
				CLANG_WARN_DEPRECATED_OBJC_IMPLEMENTATIONS = YES;
				CLANG_WARN_DIRECT_OBJC_ISA_USAGE = YES_ERROR;
				CLANG_WARN_DOCUMENTATION_COMMENTS = YES;
				CLANG_WARN_EMPTY_BODY = YES;
				CLANG_WARN_ENUM_CONVERSION = YES;
				CLANG_WARN_INFINITE_RECURSION = YES;
				CLANG_WARN_INT_CONVERSION = YES;
				CLANG_WARN_NON_LITERAL_NULL_CONVERSION = YES;
				CLANG_WARN_OBJC_IMPLICIT_RETAIN_SELF = YES;
				CLANG_WARN_OBJC_LITERAL_CONVERSION = YES;
				CLANG_WARN_OBJC_ROOT_CLASS = YES_ERROR;
				CLANG_WARN_QUOTED_INCLUDE_IN_FRAMEWORK_HEADER = YES;
				CLANG_WARN_RANGE_LOOP_ANALYSIS = YES;
				CLANG_WARN_STRICT_PROTOTYPES = YES;
				CLANG_WARN_SUSPICIOUS_MOVE = YES;
				CLANG_WARN_UNGUARDED_AVAILABILITY = YES_AGGRESSIVE;
				CLANG_WARN_UNREACHABLE_CODE = YES;
				CLANG_WARN__DUPLICATE_METHOD_MATCH = YES;
				COPY_PHASE_STRIP = NO;
				DEBUG_INFORMATION_FORMAT = dwarf;
				ENABLE_STRICT_OBJC_MSGSEND = YES;
				ENABLE_TESTABILITY = YES;
				GCC_C_LANGUAGE_STANDARD = gnu11;
				GCC_DYNAMIC_NO_PIC = NO;
				GCC_NO_COMMON_BLOCKS = YES;
				GCC_OPTIMIZATION_LEVEL = 0;
				GCC_PREPROCESSOR_DEFINITIONS = (
					"DEBUG=1",
					"$(inherited)",
				);
				GCC_WARN_64_TO_32_BIT_CONVERSION = YES;
				GCC_WARN_ABOUT_RETURN_TYPE = YES_ERROR;
				GCC_WARN_UNDECLARED_SELECTOR = YES;
				GCC_WARN_UNINITIALIZED_AUTOS = YES_AGGRESSIVE;
				GCC_WARN_UNUSED_FUNCTION = YES;
				GCC_WARN_UNUSED_VARIABLE = YES;
				MACOSX_DEPLOYMENT_TARGET = 12.0;
				MTL_ENABLE_DEBUG_INFO = INCLUDE_SOURCE;
				MTL_FAST_MATH = YES;
				ONLY_ACTIVE_ARCH = YES;
				SDKROOT = macosx;
				SWIFT_ACTIVE_COMPILATION_CONDITIONS = DEBUG;
				SWIFT_OPTIMIZATION_LEVEL = "-Onone";
			};
			name = Debug;
		};
		5B75E1E62825143600AAEF15 /* Release */ = {
			isa = XCBuildConfiguration;
			buildSettings = {
				ALWAYS_SEARCH_USER_PATHS = NO;
				CLANG_ANALYZER_NONNULL = YES;
				CLANG_ANALYZER_NUMBER_OBJECT_CONVERSION = YES_AGGRESSIVE;
				CLANG_CXX_LANGUAGE_STANDARD = "gnu++17";
				CLANG_ENABLE_MODULES = YES;
				CLANG_ENABLE_OBJC_ARC = YES;
				CLANG_ENABLE_OBJC_WEAK = YES;
				CLANG_WARN_BLOCK_CAPTURE_AUTORELEASING = YES;
				CLANG_WARN_BOOL_CONVERSION = YES;
				CLANG_WARN_COMMA = YES;
				CLANG_WARN_CONSTANT_CONVERSION = YES;
				CLANG_WARN_DEPRECATED_OBJC_IMPLEMENTATIONS = YES;
				CLANG_WARN_DIRECT_OBJC_ISA_USAGE = YES_ERROR;
				CLANG_WARN_DOCUMENTATION_COMMENTS = YES;
				CLANG_WARN_EMPTY_BODY = YES;
				CLANG_WARN_ENUM_CONVERSION = YES;
				CLANG_WARN_INFINITE_RECURSION = YES;
				CLANG_WARN_INT_CONVERSION = YES;
				CLANG_WARN_NON_LITERAL_NULL_CONVERSION = YES;
				CLANG_WARN_OBJC_IMPLICIT_RETAIN_SELF = YES;
				CLANG_WARN_OBJC_LITERAL_CONVERSION = YES;
				CLANG_WARN_OBJC_ROOT_CLASS = YES_ERROR;
				CLANG_WARN_QUOTED_INCLUDE_IN_FRAMEWORK_HEADER = YES;
				CLANG_WARN_RANGE_LOOP_ANALYSIS = YES;
				CLANG_WARN_STRICT_PROTOTYPES = YES;
				CLANG_WARN_SUSPICIOUS_MOVE = YES;
				CLANG_WARN_UNGUARDED_AVAILABILITY = YES_AGGRESSIVE;
				CLANG_WARN_UNREACHABLE_CODE = YES;
				CLANG_WARN__DUPLICATE_METHOD_MATCH = YES;
				COPY_PHASE_STRIP = NO;
				DEBUG_INFORMATION_FORMAT = "dwarf-with-dsym";
				ENABLE_NS_ASSERTIONS = NO;
				ENABLE_STRICT_OBJC_MSGSEND = YES;
				GCC_C_LANGUAGE_STANDARD = gnu11;
				GCC_NO_COMMON_BLOCKS = YES;
				GCC_WARN_64_TO_32_BIT_CONVERSION = YES;
				GCC_WARN_ABOUT_RETURN_TYPE = YES_ERROR;
				GCC_WARN_UNDECLARED_SELECTOR = YES;
				GCC_WARN_UNINITIALIZED_AUTOS = YES_AGGRESSIVE;
				GCC_WARN_UNUSED_FUNCTION = YES;
				GCC_WARN_UNUSED_VARIABLE = YES;
				MACOSX_DEPLOYMENT_TARGET = 12.0;
				MTL_ENABLE_DEBUG_INFO = NO;
				MTL_FAST_MATH = YES;
				SDKROOT = macosx;
				SWIFT_COMPILATION_MODE = wholemodule;
				SWIFT_OPTIMIZATION_LEVEL = "-O";
			};
			name = Release;
		};
		5B75E1E82825143600AAEF15 /* Debug */ = {
			isa = XCBuildConfiguration;
			buildSettings = {
				ASSETCATALOG_COMPILER_APPICON_NAME = AppIcon;
				ASSETCATALOG_COMPILER_GLOBAL_ACCENT_COLOR_NAME = AccentColor;
				CODE_SIGN_ENTITLEMENTS = Telik/Telik.entitlements;
				CODE_SIGN_STYLE = Automatic;
				COMBINE_HIDPI_IMAGES = YES;
				CURRENT_PROJECT_VERSION = 1;
				DEVELOPMENT_ASSET_PATHS = "\"Telik/Preview Content\"";
				DEVELOPMENT_TEAM = 297CWMJG7A;
				ENABLE_HARDENED_RUNTIME = YES;
				ENABLE_PREVIEWS = YES;
				GENERATE_INFOPLIST_FILE = YES;
				INFOPLIST_FILE = Telik/Info.plist;
				INFOPLIST_KEY_LSApplicationCategoryType = "public.app-category.entertainment";
				INFOPLIST_KEY_NSHumanReadableCopyright = "";
				LD_RUNPATH_SEARCH_PATHS = (
					"$(inherited)",
					"@executable_path/../Frameworks",
				);
				MARKETING_VERSION = 1.5;
				PRODUCT_BUNDLE_IDENTIFIER = agentcooper.Telik;
				PRODUCT_NAME = "$(TARGET_NAME)";
				SWIFT_EMIT_LOC_STRINGS = YES;
				SWIFT_VERSION = 5.0;
			};
			name = Debug;
		};
		5B75E1E92825143600AAEF15 /* Release */ = {
			isa = XCBuildConfiguration;
			buildSettings = {
				ASSETCATALOG_COMPILER_APPICON_NAME = AppIcon;
				ASSETCATALOG_COMPILER_GLOBAL_ACCENT_COLOR_NAME = AccentColor;
				CODE_SIGN_ENTITLEMENTS = Telik/Telik.entitlements;
				CODE_SIGN_STYLE = Automatic;
				COMBINE_HIDPI_IMAGES = YES;
				CURRENT_PROJECT_VERSION = 1;
				DEVELOPMENT_ASSET_PATHS = "\"Telik/Preview Content\"";
				DEVELOPMENT_TEAM = 297CWMJG7A;
				ENABLE_HARDENED_RUNTIME = YES;
				ENABLE_PREVIEWS = YES;
				GENERATE_INFOPLIST_FILE = YES;
				INFOPLIST_FILE = Telik/Info.plist;
				INFOPLIST_KEY_LSApplicationCategoryType = "public.app-category.entertainment";
				INFOPLIST_KEY_NSHumanReadableCopyright = "";
				LD_RUNPATH_SEARCH_PATHS = (
					"$(inherited)",
					"@executable_path/../Frameworks",
				);
				MARKETING_VERSION = 1.5;
				PRODUCT_BUNDLE_IDENTIFIER = agentcooper.Telik;
				PRODUCT_NAME = "$(TARGET_NAME)";
				SWIFT_EMIT_LOC_STRINGS = YES;
				SWIFT_VERSION = 5.0;
			};
			name = Release;
		};
		5BE02AA328450D470023F71F /* Debug */ = {
			isa = XCBuildConfiguration;
			buildSettings = {
				BUNDLE_LOADER = "$(TEST_HOST)";
				CODE_SIGN_STYLE = Automatic;
				CURRENT_PROJECT_VERSION = 1;
				DEVELOPMENT_TEAM = 297CWMJG7A;
				GENERATE_INFOPLIST_FILE = YES;
				MARKETING_VERSION = 1.0;
				PRODUCT_BUNDLE_IDENTIFIER = agentcooper.TelikTests;
				PRODUCT_NAME = "$(TARGET_NAME)";
				SWIFT_EMIT_LOC_STRINGS = NO;
				SWIFT_VERSION = 5.0;
				TEST_HOST = "$(BUILT_PRODUCTS_DIR)/Telik.app/Contents/MacOS/Telik";
			};
			name = Debug;
		};
		5BE02AA428450D470023F71F /* Release */ = {
			isa = XCBuildConfiguration;
			buildSettings = {
				BUNDLE_LOADER = "$(TEST_HOST)";
				CODE_SIGN_STYLE = Automatic;
				CURRENT_PROJECT_VERSION = 1;
				DEVELOPMENT_TEAM = 297CWMJG7A;
				GENERATE_INFOPLIST_FILE = YES;
				MARKETING_VERSION = 1.0;
				PRODUCT_BUNDLE_IDENTIFIER = agentcooper.TelikTests;
				PRODUCT_NAME = "$(TARGET_NAME)";
				SWIFT_EMIT_LOC_STRINGS = NO;
				SWIFT_VERSION = 5.0;
				TEST_HOST = "$(BUILT_PRODUCTS_DIR)/Telik.app/Contents/MacOS/Telik";
			};
			name = Release;
		};
/* End XCBuildConfiguration section */

/* Begin XCConfigurationList section */
		5B75E1D32825143500AAEF15 /* Build configuration list for PBXProject "Telik" */ = {
			isa = XCConfigurationList;
			buildConfigurations = (
				5B75E1E52825143600AAEF15 /* Debug */,
				5B75E1E62825143600AAEF15 /* Release */,
			);
			defaultConfigurationIsVisible = 0;
			defaultConfigurationName = Release;
		};
		5B75E1E72825143600AAEF15 /* Build configuration list for PBXNativeTarget "Telik" */ = {
			isa = XCConfigurationList;
			buildConfigurations = (
				5B75E1E82825143600AAEF15 /* Debug */,
				5B75E1E92825143600AAEF15 /* Release */,
			);
			defaultConfigurationIsVisible = 0;
			defaultConfigurationName = Release;
		};
		5BE02AA528450D470023F71F /* Build configuration list for PBXNativeTarget "TelikTests" */ = {
			isa = XCConfigurationList;
			buildConfigurations = (
				5BE02AA328450D470023F71F /* Debug */,
				5BE02AA428450D470023F71F /* Release */,
			);
			defaultConfigurationIsVisible = 0;
			defaultConfigurationName = Release;
		};
/* End XCConfigurationList section */

/* Begin XCRemoteSwiftPackageReference section */
		5BE966D6282514F100619837 /* XCRemoteSwiftPackageReference "SWXMLHash" */ = {
			isa = XCRemoteSwiftPackageReference;
			repositoryURL = "https://github.com/drmohundro/SWXMLHash.git";
			requirement = {
				branch = main;
				kind = branch;
			};
		};
/* End XCRemoteSwiftPackageReference section */

/* Begin XCSwiftPackageProductDependency section */
		5BE966D7282514F100619837 /* SWXMLHash */ = {
			isa = XCSwiftPackageProductDependency;
			package = 5BE966D6282514F100619837 /* XCRemoteSwiftPackageReference "SWXMLHash" */;
			productName = SWXMLHash;
		};
/* End XCSwiftPackageProductDependency section */
	};
	rootObject = 5B75E1D02825143500AAEF15 /* Project object */;
}
